
Microsoft Visual Studio Solution File, Format Version 12.00
# Visual Studio Version 17
VisualStudioVersion = 17.1.32414.318
MinimumVisualStudioVersion = 10.0.40219.1
Project("{FAE04EC0-301F-11D3-BF4B-00C04F79EFBC}") = "TwitterWebAPI", "TwitterWebAPI\TwitterWebAPI.csproj", "{5FC68736-B534-4303-99C6-BFCECFC53B10}"
EndProject
Global
	GlobalSection(SolutionConfigurationPlatforms) = preSolution
		Debug|Any CPU = Debug|Any CPU
		Release|Any CPU = Release|Any CPU
	EndGlobalSection
	GlobalSection(ProjectConfigurationPlatforms) = postSolution
		{5FC68736-B534-4303-99C6-BFCECFC53B10}.Debug|Any CPU.ActiveCfg = Debug|Any CPU
		{5FC68736-B534-4303-99C6-BFCECFC53B10}.Debug|Any CPU.Build.0 = Debug|Any CPU
		{5FC68736-B534-4303-99C6-BFCECFC53B10}.Release|Any CPU.ActiveCfg = Release|Any CPU
		{5FC68736-B534-4303-99C6-BFCECFC53B10}.Release|Any CPU.Build.0 = Release|Any CPU
	EndGlobalSection
	GlobalSection(SolutionProperties) = preSolution
		HideSolutionNode = FALSE
	EndGlobalSection
	GlobalSection(ExtensibilityGlobals) = postSolution
		SolutionGuid = {192566E1-D78D-4343-BF96-6BA63D069C4D}
	EndGlobalSection
EndGlobal
